
Microsoft Visual Studio Solution File, Format Version 12.00
# Visual Studio 15
VisualStudioVersion = 15.0.27428.1
MinimumVisualStudioVersion = 10.0.40219.1
Project("{FAE04EC0-301F-11D3-BF4B-00C04F79EFBC}") = "PaperPlanes", "PaperPlanes\PaperPlanes.csproj", "{9C0FD7D8-860C-4833-A414-2C711187BD9D}"
EndProject
Global
	GlobalSection(SolutionConfigurationPlatforms) = preSolution
		Debug|Any CPU = Debug|Any CPU
		Release|Any CPU = Release|Any CPU
	EndGlobalSection
	GlobalSection(ProjectConfigurationPlatforms) = postSolution
		{9C0FD7D8-860C-4833-A414-2C711187BD9D}.Debug|Any CPU.ActiveCfg = Debug|Any CPU
		{9C0FD7D8-860C-4833-A414-2C711187BD9D}.Debug|Any CPU.Build.0 = Debug|Any CPU
		{9C0FD7D8-860C-4833-A414-2C711187BD9D}.Release|Any CPU.ActiveCfg = Release|Any CPU
		{9C0FD7D8-860C-4833-A414-2C711187BD9D}.Release|Any CPU.Build.0 = Release|Any CPU
	EndGlobalSection
	GlobalSection(SolutionProperties) = preSolution
		HideSolutionNode = FALSE
	EndGlobalSection
	GlobalSection(ExtensibilityGlobals) = postSolution
		SolutionGuid = {57BA30F8-DDAC-4642-A939-EE21AFDD92F6}
	EndGlobalSection
EndGlobal
